
Microsoft Visual Studio Solution File, Format Version 12.00
# Visual Studio Version 16
VisualStudioVersion = 16.0.29102.190
MinimumVisualStudioVersion = 10.0.40219.1
Project("{9092AA53-FB77-4645-B42D-1CCCA6BD08BD}") = "ServerStream", "ServerStream\ServerStream.njsproj", "{387B27CC-C26E-4746-B915-B5D1F5F0E28D}"
EndProject
Global
	GlobalSection(SolutionConfigurationPlatforms) = preSolution
		Debug|Any CPU = Debug|Any CPU
		Release|Any CPU = Release|Any CPU
	EndGlobalSection
	GlobalSection(ProjectConfigurationPlatforms) = postSolution
		{387B27CC-C26E-4746-B915-B5D1F5F0E28D}.Debug|Any CPU.ActiveCfg = Debug|Any CPU
		{387B27CC-C26E-4746-B915-B5D1F5F0E28D}.Debug|Any CPU.Build.0 = Debug|Any CPU
		{387B27CC-C26E-4746-B915-B5D1F5F0E28D}.Release|Any CPU.ActiveCfg = Release|Any CPU
		{387B27CC-C26E-4746-B915-B5D1F5F0E28D}.Release|Any CPU.Build.0 = Release|Any CPU
	EndGlobalSection
	GlobalSection(SolutionProperties) = preSolution
		HideSolutionNode = FALSE
	EndGlobalSection
	GlobalSection(ExtensibilityGlobals) = postSolution
		SolutionGuid = {A7B81689-759F-417E-AA95-4567F0843A00}
	EndGlobalSection
EndGlobal
